
Microsoft Visual Studio Solution File, Format Version 12.00
# Visual Studio Version 17
VisualStudioVersion = 17.1.32210.238
MinimumVisualStudioVersion = 10.0.40219.1
Project("{FAE04EC0-301F-11D3-BF4B-00C04F79EFBC}") = "MSSQL_Problems", "MSSQL_Problems\MSSQL_Problems.csproj", "{ACEB31BD-41D2-4033-B426-6C706CEAABE7}"
EndProject
Global
	GlobalSection(SolutionConfigurationPlatforms) = preSolution
		Debug|Any CPU = Debug|Any CPU
		Release|Any CPU = Release|Any CPU
	EndGlobalSection
	GlobalSection(ProjectConfigurationPlatforms) = postSolution
		{ACEB31BD-41D2-4033-B426-6C706CEAABE7}.Debug|Any CPU.ActiveCfg = Debug|Any CPU
		{ACEB31BD-41D2-4033-B426-6C706CEAABE7}.Debug|Any CPU.Build.0 = Debug|Any CPU
		{ACEB31BD-41D2-4033-B426-6C706CEAABE7}.Release|Any CPU.ActiveCfg = Release|Any CPU
		{ACEB31BD-41D2-4033-B426-6C706CEAABE7}.Release|Any CPU.Build.0 = Release|Any CPU
	EndGlobalSection
	GlobalSection(SolutionProperties) = preSolution
		HideSolutionNode = FALSE
	EndGlobalSection
	GlobalSection(ExtensibilityGlobals) = postSolution
		SolutionGuid = {A40A3730-9FD5-48AE-8E36-422907171929}
	EndGlobalSection
EndGlobal
